
Microsoft Visual Studio Solution File, Format Version 12.00
# Visual Studio Version 16
VisualStudioVersion = 16.0.31229.75
MinimumVisualStudioVersion = 10.0.40219.1
Project("{FAE04EC0-301F-11D3-BF4B-00C04F79EFBC}") = "semaforo", "semaforo.csproj", "{E6B47AE2-E8D5-40E6-8E96-5E9BB256F835}"
EndProject
Global
	GlobalSection(SolutionConfigurationPlatforms) = preSolution
		Debug|Any CPU = Debug|Any CPU
		Release|Any CPU = Release|Any CPU
	EndGlobalSection
	GlobalSection(ProjectConfigurationPlatforms) = postSolution
		{E6B47AE2-E8D5-40E6-8E96-5E9BB256F835}.Debug|Any CPU.ActiveCfg = Debug|Any CPU
		{E6B47AE2-E8D5-40E6-8E96-5E9BB256F835}.Debug|Any CPU.Build.0 = Debug|Any CPU
		{E6B47AE2-E8D5-40E6-8E96-5E9BB256F835}.Release|Any CPU.ActiveCfg = Release|Any CPU
		{E6B47AE2-E8D5-40E6-8E96-5E9BB256F835}.Release|Any CPU.Build.0 = Release|Any CPU
	EndGlobalSection
	GlobalSection(SolutionProperties) = preSolution
		HideSolutionNode = FALSE
	EndGlobalSection
	GlobalSection(ExtensibilityGlobals) = postSolution
		SolutionGuid = {1E342E34-E072-4F87-AE9C-8F1AE26A35BE}
	EndGlobalSection
EndGlobal
